PODS:
  - Alamofire (4.9.1)
  - AlamofireObjectMapper (5.2.1):
    - Alamofire (~> 4.7)
    - ObjectMapper (~> 3.4)
  - KRActivityIndicatorView (3.0.4)
  - KRProgressHUD (3.4.4):
    - KRActivityIndicatorView (= 3.0.4)
  - ObjectMapper (3.5.1)
  - SwiftyBeaver (1.8.3)

DEPENDENCIES:
  - Alamofire
  - AlamofireObjectMapper
  - KRProgressHUD
  - ObjectMapper
  - SwiftyBeaver

SPEC REPOS:
  https://github.com/cocoapods/specs.git:
    - Alamofire
    - AlamofireObjectMapper
    - KRActivityIndicatorView
    - KRProgressHUD
    - ObjectMapper
    - SwiftyBeaver

SPEC CHECKSUMS:
  Alamofire: 85e8a02c69d6020a0d734f6054870d7ecb75cf18
  AlamofireObjectMapper: 1989f690e982b71921b9253f53a4f33a9bc00d88
  KRActivityIndicatorView: 549db10b9578d58bac73db063d8b544e8970f7f2
  KRProgressHUD: c3b9a48a0ee4824ea13212ac3f1efa50dca021e3
  ObjectMapper: 70187b8941977c62ccfb423caf6b50be405cabf0
  SwiftyBeaver: 3d3e93a12d648bd400b6f2948a7ef128b5b183c7

PODFILE CHECKSUM: 88d60e1dcb8b4bbc2a7955ca03592d6be0c429b3

COCOAPODS: 1.5.3
