// !$*UTF8*$!
{
	archiveVersion = 1;
	classes = {
	};
	objectVersion = 50;
	objects = {

/* Begin PBXBuildFile section */
		AA9D3A723101591CE328175B /* Pods_ItemFinder.framework in Frameworks */ = {isa = PBXBuildFile; fileRef = 630443652013A83D8724C62F /* Pods_ItemFinder.framework */; };
		E92DAE489E57B0B65DDC99C7 /* Pods_ItemFinderTests.framework in Frameworks */ = {isa = PBXBuildFile; fileRef = 3BD0AAAAF80ABD4DC637D6C7 /* Pods_ItemFinderTests.framework */; };
		F4158F2D237725EC0044DDB4 /* ItemDetailViewController.swift in Sources */ = {isa = PBXBuildFile; fileRef = F4158F2C237725EC0044DDB4 /* ItemDetailViewController.swift */; };
		F4158F2F237726910044DDB4 /* ItemFinderViewController.swift in Sources */ = {isa = PBXBuildFile; fileRef = F4158F2E237726910044DDB4 /* ItemFinderViewController.swift */; };
		F4158F3323772A9D0044DDB4 /* UIViewExtension.swift in Sources */ = {isa = PBXBuildFile; fileRef = F4158F3223772A9D0044DDB4 /* UIViewExtension.swift */; };
		F4158F362377351C0044DDB4 /* ItemTableViewCell.swift in Sources */ = {isa = PBXBuildFile; fileRef = F4158F352377351C0044DDB4 /* ItemTableViewCell.swift */; };
		F42E7114237CBDB3004FC9D1 /* NetworkManager.swift in Sources */ = {isa = PBXBuildFile; fileRef = F42E7113237CBDB3004FC9D1 /* NetworkManager.swift */; };
		F42E7116237CBDFB004FC9D1 /* Notifications.swift in Sources */ = {isa = PBXBuildFile; fileRef = F42E7115237CBDFB004FC9D1 /* Notifications.swift */; };
		F43CA12C2377135400A08B9F /* Localizable.strings in Resources */ = {isa = PBXBuildFile; fileRef = F43CA12E2377135400A08B9F /* Localizable.strings */; };
		F43CA13C237714D600A08B9F /* BaseViewController.swift in Sources */ = {isa = PBXBuildFile; fileRef = F43CA13B237714D600A08B9F /* BaseViewController.swift */; };
		F43CA13E2377157700A08B9F /* StringExtension.swift in Sources */ = {isa = PBXBuildFile; fileRef = F43CA13D2377157700A08B9F /* StringExtension.swift */; };
		F43DC360237742F600EC73D7 /* Debouncer.swift in Sources */ = {isa = PBXBuildFile; fileRef = F43DC35F237742F600EC73D7 /* Debouncer.swift */; };
		F43DC36323774EA900EC73D7 /* ItemFinderPresenter.swift in Sources */ = {isa = PBXBuildFile; fileRef = F43DC36223774EA900EC73D7 /* ItemFinderPresenter.swift */; };
		F43DC36523774EBF00EC73D7 /* ItemFinderPresenterDelegate.swift in Sources */ = {isa = PBXBuildFile; fileRef = F43DC36423774EBF00EC73D7 /* ItemFinderPresenterDelegate.swift */; };
		F43DC369237752BF00EC73D7 /* ItemDetailPresenter.swift in Sources */ = {isa = PBXBuildFile; fileRef = F43DC368237752BF00EC73D7 /* ItemDetailPresenter.swift */; };
		F43DC36B237752D700EC73D7 /* ItemDetailPresenterDelegate.swift in Sources */ = {isa = PBXBuildFile; fileRef = F43DC36A237752D700EC73D7 /* ItemDetailPresenterDelegate.swift */; };
		F43DC36E2377587800EC73D7 /* GenericResult.swift in Sources */ = {isa = PBXBuildFile; fileRef = F43DC36D2377587800EC73D7 /* GenericResult.swift */; };
		F43DC370237758D800EC73D7 /* Paging.swift in Sources */ = {isa = PBXBuildFile; fileRef = F43DC36F237758D800EC73D7 /* Paging.swift */; };
		F43DC3722377598B00EC73D7 /* Item.swift in Sources */ = {isa = PBXBuildFile; fileRef = F43DC3712377598B00EC73D7 /* Item.swift */; };
		F43DC374237759A700EC73D7 /* ItemDTO.swift in Sources */ = {isa = PBXBuildFile; fileRef = F43DC373237759A700EC73D7 /* ItemDTO.swift */; };
		F43DC376237759B800EC73D7 /* ItemDTOMapper.swift in Sources */ = {isa = PBXBuildFile; fileRef = F43DC375237759B800EC73D7 /* ItemDTOMapper.swift */; };
		F43DC3782377637800EC73D7 /* AlamofireRequest.swift in Sources */ = {isa = PBXBuildFile; fileRef = F43DC3772377637800EC73D7 /* AlamofireRequest.swift */; };
		F447C0372377118600B8E368 /* AppDelegate.swift in Sources */ = {isa = PBXBuildFile; fileRef = F447C0362377118600B8E368 /* AppDelegate.swift */; };
		F447C0392377118600B8E368 /* SceneDelegate.swift in Sources */ = {isa = PBXBuildFile; fileRef = F447C0382377118600B8E368 /* SceneDelegate.swift */; };
		F447C03B2377118600B8E368 /* MainViewController.swift in Sources */ = {isa = PBXBuildFile; fileRef = F447C03A2377118600B8E368 /* MainViewController.swift */; };
		F447C03E2377118600B8E368 /* Main.storyboard in Resources */ = {isa = PBXBuildFile; fileRef = F447C03C2377118600B8E368 /* Main.storyboard */; };
		F447C0402377118600B8E368 /* Assets.xcassets in Resources */ = {isa = PBXBuildFile; fileRef = F447C03F2377118600B8E368 /* Assets.xcassets */; };
		F447C0432377118600B8E368 /* LaunchScreen.storyboard in Resources */ = {isa = PBXBuildFile; fileRef = F447C0412377118600B8E368 /* LaunchScreen.storyboard */; };
		F447C04E2377118600B8E368 /* ItemFinderTests.swift in Sources */ = {isa = PBXBuildFile; fileRef = F447C04D2377118600B8E368 /* ItemFinderTests.swift */; };
		F451BEA5237769AF001B651C /* APIItemService.swift in Sources */ = {isa = PBXBuildFile; fileRef = F451BEA4237769AF001B651C /* APIItemService.swift */; };
		F451BEA823776CD0001B651C /* APIItemManager.swift in Sources */ = {isa = PBXBuildFile; fileRef = F451BEA723776CD0001B651C /* APIItemManager.swift */; };
		F451BEAA23776D3B001B651C /* APIItem.swift in Sources */ = {isa = PBXBuildFile; fileRef = F451BEA923776D3B001B651C /* APIItem.swift */; };
		F45AFCFA237B93FE0096DDF3 /* CustomUIImageView.swift in Sources */ = {isa = PBXBuildFile; fileRef = F45AFCF9237B93FE0096DDF3 /* CustomUIImageView.swift */; };
		F45AFCFC237B95C10096DDF3 /* APIImageManager.swift in Sources */ = {isa = PBXBuildFile; fileRef = F45AFCFB237B95C10096DDF3 /* APIImageManager.swift */; };
		F4B37CB623773DF100BDA767 /* ItemFinderViewDelegate.swift in Sources */ = {isa = PBXBuildFile; fileRef = F4B37CB523773DF100BDA767 /* ItemFinderViewDelegate.swift */; };
		F4D124D6237765260053667C /* HTTPStatusCode.swift in Sources */ = {isa = PBXBuildFile; fileRef = F4D124D5237765260053667C /* HTTPStatusCode.swift */; };
		F4D124D82377657F0053667C /* Result.swift in Sources */ = {isa = PBXBuildFile; fileRef = F4D124D72377657F0053667C /* Result.swift */; };
/* End PBXBuildFile section */

/* Begin PBXContainerItemProxy section */
		F447C04A2377118600B8E368 /* PBXContainerItemProxy */ = {
			isa = PBXContainerItemProxy;
			containerPortal = F447C02B2377118600B8E368 /* Project object */;
			proxyType = 1;
			remoteGlobalIDString = F447C0322377118600B8E368;
			remoteInfo = ItemFinder;
		};
/* End PBXContainerItemProxy section */

/* Begin PBXFileReference section */
		2D3CBB5F380CB8BC8C216BB0 /* Pods-ItemFinder.debug.xcconfig */ = {isa = PBXFileReference; includeInIndex = 1; lastKnownFileType = text.xcconfig; name = "Pods-ItemFinder.debug.xcconfig"; path = "Pods/Target Support Files/Pods-ItemFinder/Pods-ItemFinder.debug.xcconfig"; sourceTree = "<group>"; };
		2E67CE374E1A1B02FEC9DB91 /* Pods-ItemFinder.release.xcconfig */ = {isa = PBXFileReference; includeInIndex = 1; lastKnownFileType = text.xcconfig; name = "Pods-ItemFinder.release.xcconfig"; path = "Pods/Target Support Files/Pods-ItemFinder/Pods-ItemFinder.release.xcconfig"; sourceTree = "<group>"; };
		370B0BCC6944254D058C575B /* Pods-ItemFinderTests.release.xcconfig */ = {isa = PBXFileReference; includeInIndex = 1; lastKnownFileType = text.xcconfig; name = "Pods-ItemFinderTests.release.xcconfig"; path = "Pods/Target Support Files/Pods-ItemFinderTests/Pods-ItemFinderTests.release.xcconfig"; sourceTree = "<group>"; };
		3BD0AAAAF80ABD4DC637D6C7 /* Pods_ItemFinderTests.framework */ = {isa = PBXFileReference; explicitFileType = wrapper.framework; includeInIndex = 0; path = Pods_ItemFinderTests.framework; sourceTree = BUILT_PRODUCTS_DIR; };
		630443652013A83D8724C62F /* Pods_ItemFinder.framework */ = {isa = PBXFileReference; explicitFileType = wrapper.framework; includeInIndex = 0; path = Pods_ItemFinder.framework; sourceTree = BUILT_PRODUCTS_DIR; };
		F4158F2C237725EC0044DDB4 /* ItemDetailViewController.swift */ = {isa = PBXFileReference; lastKnownFileType = sourcecode.swift; path = ItemDetailViewController.swift; sourceTree = "<group>"; };
		F4158F2E237726910044DDB4 /* ItemFinderViewController.swift */ = {isa = PBXFileReference; lastKnownFileType = sourcecode.swift; path = ItemFinderViewController.swift; sourceTree = "<group>"; };
		F4158F3223772A9D0044DDB4 /* UIViewExtension.swift */ = {isa = PBXFileReference; lastKnownFileType = sourcecode.swift; path = UIViewExtension.swift; sourceTree = "<group>"; };
		F4158F352377351C0044DDB4 /* ItemTableViewCell.swift */ = {isa = PBXFileReference; lastKnownFileType = sourcecode.swift; path = ItemTableViewCell.swift; sourceTree = "<group>"; };
		F42E7113237CBDB3004FC9D1 /* NetworkManager.swift */ = {isa = PBXFileReference; lastKnownFileType = sourcecode.swift; path = NetworkManager.swift; sourceTree = "<group>"; };
		F42E7115237CBDFB004FC9D1 /* Notifications.swift */ = {isa = PBXFileReference; lastKnownFileType = sourcecode.swift; path = Notifications.swift; sourceTree = "<group>"; };
		F43CA12D2377135400A08B9F /* en */ = {isa = PBXFileReference; lastKnownFileType = text.plist.strings; name = en; path = en.lproj/Localizable.strings; sourceTree = "<group>"; };
		F43CA13B237714D600A08B9F /* BaseViewController.swift */ = {isa = PBXFileReference; lastKnownFileType = sourcecode.swift; path = BaseViewController.swift; sourceTree = "<group>"; };
		F43CA13D2377157700A08B9F /* StringExtension.swift */ = {isa = PBXFileReference; lastKnownFileType = sourcecode.swift; path = StringExtension.swift; sourceTree = "<group>"; };
		F43DC35F237742F600EC73D7 /* Debouncer.swift */ = {isa = PBXFileReference; lastKnownFileType = sourcecode.swift; path = Debouncer.swift; sourceTree = "<group>"; };
		F43DC36223774EA900EC73D7 /* ItemFinderPresenter.swift */ = {isa = PBXFileReference; lastKnownFileType = sourcecode.swift; path = ItemFinderPresenter.swift; sourceTree = "<group>"; };
		F43DC36423774EBF00EC73D7 /* ItemFinderPresenterDelegate.swift */ = {isa = PBXFileReference; lastKnownFileType = sourcecode.swift; path = ItemFinderPresenterDelegate.swift; sourceTree = "<group>"; };
		F43DC368237752BF00EC73D7 /* ItemDetailPresenter.swift */ = {isa = PBXFileReference; lastKnownFileType = sourcecode.swift; path = ItemDetailPresenter.swift; sourceTree = "<group>"; };
		F43DC36A237752D700EC73D7 /* ItemDetailPresenterDelegate.swift */ = {isa = PBXFileReference; lastKnownFileType = sourcecode.swift; path = ItemDetailPresenterDelegate.swift; sourceTree = "<group>"; };
		F43DC36D2377587800EC73D7 /* GenericResult.swift */ = {isa = PBXFileReference; lastKnownFileType = sourcecode.swift; path = GenericResult.swift; sourceTree = "<group>"; };
		F43DC36F237758D800EC73D7 /* Paging.swift */ = {isa = PBXFileReference; lastKnownFileType = sourcecode.swift; path = Paging.swift; sourceTree = "<group>"; };
		F43DC3712377598B00EC73D7 /* Item.swift */ = {isa = PBXFileReference; lastKnownFileType = sourcecode.swift; path = Item.swift; sourceTree = "<group>"; };
		F43DC373237759A700EC73D7 /* ItemDTO.swift */ = {isa = PBXFileReference; lastKnownFileType = sourcecode.swift; path = ItemDTO.swift; sourceTree = "<group>"; };
		F43DC375237759B800EC73D7 /* ItemDTOMapper.swift */ = {isa = PBXFileReference; lastKnownFileType = sourcecode.swift; path = ItemDTOMapper.swift; sourceTree = "<group>"; };
		F43DC3772377637800EC73D7 /* AlamofireRequest.swift */ = {isa = PBXFileReference; lastKnownFileType = sourcecode.swift; path = AlamofireRequest.swift; sourceTree = "<group>"; };
		F447C0332377118600B8E368 /* ItemFinder.app */ = {isa = PBXFileReference; explicitFileType = wrapper.application; includeInIndex = 0; path = ItemFinder.app; sourceTree = BUILT_PRODUCTS_DIR; };
		F447C0362377118600B8E368 /* AppDelegate.swift */ = {isa = PBXFileReference; lastKnownFileType = sourcecode.swift; path = AppDelegate.swift; sourceTree = "<group>"; };
		F447C0382377118600B8E368 /* SceneDelegate.swift */ = {isa = PBXFileReference; lastKnownFileType = sourcecode.swift; path = SceneDelegate.swift; sourceTree = "<group>"; };
		F447C03A2377118600B8E368 /* MainViewController.swift */ = {isa = PBXFileReference; lastKnownFileType = sourcecode.swift; path = MainViewController.swift; sourceTree = "<group>"; };
		F447C03D2377118600B8E368 /* Base */ = {isa = PBXFileReference; lastKnownFileType = file.storyboard; name = Base; path = Base.lproj/Main.storyboard; sourceTree = "<group>"; };
		F447C03F2377118600B8E368 /* Assets.xcassets */ = {isa = PBXFileReference; lastKnownFileType = folder.assetcatalog; path = Assets.xcassets; sourceTree = "<group>"; };
		F447C0422377118600B8E368 /* Base */ = {isa = PBXFileReference; lastKnownFileType = file.storyboard; name = Base; path = Base.lproj/LaunchScreen.storyboard; sourceTree = "<group>"; };
		F447C0442377118600B8E368 /* Info.plist */ = {isa = PBXFileReference; lastKnownFileType = text.plist.xml; path = Info.plist; sourceTree = "<group>"; };
		F447C0492377118600B8E368 /* ItemFinderTests.xctest */ = {isa = PBXFileReference; explicitFileType = wrapper.cfbundle; includeInIndex = 0; path = ItemFinderTests.xctest; sourceTree = BUILT_PRODUCTS_DIR; };
		F447C04D2377118600B8E368 /* ItemFinderTests.swift */ = {isa = PBXFileReference; lastKnownFileType = sourcecode.swift; path = ItemFinderTests.swift; sourceTree = "<group>"; };
		F447C04F2377118600B8E368 /* Info.plist */ = {isa = PBXFileReference; lastKnownFileType = text.plist.xml; path = Info.plist; sourceTree = "<group>"; };
		F451BEA4237769AF001B651C /* APIItemService.swift */ = {isa = PBXFileReference; lastKnownFileType = sourcecode.swift; path = APIItemService.swift; sourceTree = "<group>"; };
		F451BEA723776CD0001B651C /* APIItemManager.swift */ = {isa = PBXFileReference; lastKnownFileType = sourcecode.swift; path = APIItemManager.swift; sourceTree = "<group>"; };
		F451BEA923776D3B001B651C /* APIItem.swift */ = {isa = PBXFileReference; lastKnownFileType = sourcecode.swift; path = APIItem.swift; sourceTree = "<group>"; };
		F45AFCF9237B93FE0096DDF3 /* CustomUIImageView.swift */ = {isa = PBXFileReference; lastKnownFileType = sourcecode.swift; path = CustomUIImageView.swift; sourceTree = "<group>"; };
		F45AFCFB237B95C10096DDF3 /* APIImageManager.swift */ = {isa = PBXFileReference; lastKnownFileType = sourcecode.swift; path = APIImageManager.swift; sourceTree = "<group>"; };
		F4B37CB523773DF100BDA767 /* ItemFinderViewDelegate.swift */ = {isa = PBXFileReference; lastKnownFileType = sourcecode.swift; path = ItemFinderViewDelegate.swift; sourceTree = "<group>"; };
		F4D124D5237765260053667C /* HTTPStatusCode.swift */ = {isa = PBXFileReference; lastKnownFileType = sourcecode.swift; path = HTTPStatusCode.swift; sourceTree = "<group>"; };
		F4D124D72377657F0053667C /* Result.swift */ = {isa = PBXFileReference; lastKnownFileType = sourcecode.swift; path = Result.swift; sourceTree = "<group>"; };
		F82ABB985A8E3B2388A0DCBE /* Pods-ItemFinderTests.debug.xcconfig */ = {isa = PBXFileReference; includeInIndex = 1; lastKnownFileType = text.xcconfig; name = "Pods-ItemFinderTests.debug.xcconfig"; path = "Pods/Target Support Files/Pods-ItemFinderTests/Pods-ItemFinderTests.debug.xcconfig"; sourceTree = "<group>"; };
/* End PBXFileReference section */

/* Begin PBXFrameworksBuildPhase section */
		F447C0302377118600B8E368 /* Frameworks */ = {
			isa = PBXFrameworksBuildPhase;
			buildActionMask = 2147483647;
			files = (
				AA9D3A723101591CE328175B /* Pods_ItemFinder.framework in Frameworks */,
			);
			runOnlyForDeploymentPostprocessing = 0;
		};
		F447C0462377118600B8E368 /* Frameworks */ = {
			isa = PBXFrameworksBuildPhase;
			buildActionMask = 2147483647;
			files = (
				E92DAE489E57B0B65DDC99C7 /* Pods_ItemFinderTests.framework in Frameworks */,
			);
			runOnlyForDeploymentPostprocessing = 0;
		};
/* End PBXFrameworksBuildPhase section */

/* Begin PBXGroup section */
		00E3BB349F47D185013D37A0 /* Frameworks */ = {
			isa = PBXGroup;
			children = (
				630443652013A83D8724C62F /* Pods_ItemFinder.framework */,
				3BD0AAAAF80ABD4DC637D6C7 /* Pods_ItemFinderTests.framework */,
			);
			name = Frameworks;
			sourceTree = "<group>";
		};
		D42E1DA47664EC4BF8DF829E /* Pods */ = {
			isa = PBXGroup;
			children = (
				2D3CBB5F380CB8BC8C216BB0 /* Pods-ItemFinder.debug.xcconfig */,
				2E67CE374E1A1B02FEC9DB91 /* Pods-ItemFinder.release.xcconfig */,
				F82ABB985A8E3B2388A0DCBE /* Pods-ItemFinderTests.debug.xcconfig */,
				370B0BCC6944254D058C575B /* Pods-ItemFinderTests.release.xcconfig */,
			);
			name = Pods;
			sourceTree = "<group>";
		};
		F4158F30237727470044DDB4 /* Protocols */ = {
			isa = PBXGroup;
			children = (
				F4B37CB523773DF100BDA767 /* ItemFinderViewDelegate.swift */,
			);
			path = Protocols;
			sourceTree = "<group>";
		};
		F4158F34237734EF0044DDB4 /* Cell */ = {
			isa = PBXGroup;
			children = (
				F4158F352377351C0044DDB4 /* ItemTableViewCell.swift */,
			);
			path = Cell;
			sourceTree = "<group>";
		};
		F43CA12F2377138300A08B9F /* Common */ = {
			isa = PBXGroup;
			children = (
				F43CA1312377139300A08B9F /* Extensions */,
				F43CA1302377138900A08B9F /* Utils */,
				F42E7115237CBDFB004FC9D1 /* Notifications.swift */,
			);
			path = Common;
			sourceTree = "<group>";
		};
		F43CA1302377138900A08B9F /* Utils */ = {
			isa = PBXGroup;
			children = (
				F43DC35F237742F600EC73D7 /* Debouncer.swift */,
				F45AFCF9237B93FE0096DDF3 /* CustomUIImageView.swift */,
			);
			path = Utils;
			sourceTree = "<group>";
		};
		F43CA1312377139300A08B9F /* Extensions */ = {
			isa = PBXGroup;
			children = (
				F43CA13D2377157700A08B9F /* StringExtension.swift */,
				F4158F3223772A9D0044DDB4 /* UIViewExtension.swift */,
			);
			path = Extensions;
			sourceTree = "<group>";
		};
		F43CA132237713A600A08B9F /* Presenter */ = {
			isa = PBXGroup;
			children = (
				F43DC3662377528B00EC73D7 /* ItemDetail */,
				F43CA13A2377148100A08B9F /* ItemFinder */,
			);
			path = Presenter;
			sourceTree = "<group>";
		};
		F43CA133237713AE00A08B9F /* View */ = {
			isa = PBXGroup;
			children = (
				F43CA136237713CF00A08B9F /* Controller */,
				F43CA135237713CA00A08B9F /* UI */,
			);
			path = View;
			sourceTree = "<group>";
		};
		F43CA134237713B200A08B9F /* Model */ = {
			isa = PBXGroup;
			children = (
				F43DC36C2377580100EC73D7 /* Service */,
				F43CA1392377145300A08B9F /* Item */,
			);
			path = Model;
			sourceTree = "<group>";
		};
		F43CA135237713CA00A08B9F /* UI */ = {
			isa = PBXGroup;
			children = (
			);
			path = UI;
			sourceTree = "<group>";
		};
		F43CA136237713CF00A08B9F /* Controller */ = {
			isa = PBXGroup;
			children = (
				F4158F34237734EF0044DDB4 /* Cell */,
				F4158F30237727470044DDB4 /* Protocols */,
				F43CA13B237714D600A08B9F /* BaseViewController.swift */,
				F447C03A2377118600B8E368 /* MainViewController.swift */,
				F4158F2C237725EC0044DDB4 /* ItemDetailViewController.swift */,
				F4158F2E237726910044DDB4 /* ItemFinderViewController.swift */,
			);
			path = Controller;
			sourceTree = "<group>";
		};
		F43CA1372377141100A08B9F /* Service */ = {
			isa = PBXGroup;
			children = (
				F451BEA623776CA5001B651C /* API Item */,
				F45AFCFB237B95C10096DDF3 /* APIImageManager.swift */,
			);
			path = Service;
			sourceTree = "<group>";
		};
		F43CA1382377143F00A08B9F /* Network */ = {
			isa = PBXGroup;
			children = (
				F43DC3772377637800EC73D7 /* AlamofireRequest.swift */,
				F4D124D5237765260053667C /* HTTPStatusCode.swift */,
				F42E7113237CBDB3004FC9D1 /* NetworkManager.swift */,
			);
			path = Network;
			sourceTree = "<group>";
		};
		F43CA1392377145300A08B9F /* Item */ = {
			isa = PBXGroup;
			children = (
				F43DC3712377598B00EC73D7 /* Item.swift */,
				F43DC373237759A700EC73D7 /* ItemDTO.swift */,
				F43DC375237759B800EC73D7 /* ItemDTOMapper.swift */,
			);
			path = Item;
			sourceTree = "<group>";
		};
		F43CA13A2377148100A08B9F /* ItemFinder */ = {
			isa = PBXGroup;
			children = (
				F43DC36123774E9000EC73D7 /* Protocol */,
				F43DC36223774EA900EC73D7 /* ItemFinderPresenter.swift */,
			);
			path = ItemFinder;
			sourceTree = "<group>";
		};
		F43DC36123774E9000EC73D7 /* Protocol */ = {
			isa = PBXGroup;
			children = (
				F43DC36423774EBF00EC73D7 /* ItemFinderPresenterDelegate.swift */,
			);
			path = Protocol;
			sourceTree = "<group>";
		};
		F43DC3662377528B00EC73D7 /* ItemDetail */ = {
			isa = PBXGroup;
			children = (
				F43DC3672377529600EC73D7 /* Protocol */,
				F43DC368237752BF00EC73D7 /* ItemDetailPresenter.swift */,
			);
			path = ItemDetail;
			sourceTree = "<group>";
		};
		F43DC3672377529600EC73D7 /* Protocol */ = {
			isa = PBXGroup;
			children = (
				F43DC36A237752D700EC73D7 /* ItemDetailPresenterDelegate.swift */,
			);
			path = Protocol;
			sourceTree = "<group>";
		};
		F43DC36C2377580100EC73D7 /* Service */ = {
			isa = PBXGroup;
			children = (
				F43DC36D2377587800EC73D7 /* GenericResult.swift */,
				F43DC36F237758D800EC73D7 /* Paging.swift */,
				F4D124D72377657F0053667C /* Result.swift */,
			);
			path = Service;
			sourceTree = "<group>";
		};
		F447C02A2377118600B8E368 = {
			isa = PBXGroup;
			children = (
				F447C0352377118600B8E368 /* ItemFinder */,
				F447C04C2377118600B8E368 /* ItemFinderTests */,
				F447C0342377118600B8E368 /* Products */,
				D42E1DA47664EC4BF8DF829E /* Pods */,
				00E3BB349F47D185013D37A0 /* Frameworks */,
			);
			sourceTree = "<group>";
		};
		F447C0342377118600B8E368 /* Products */ = {
			isa = PBXGroup;
			children = (
				F447C0332377118600B8E368 /* ItemFinder.app */,
				F447C0492377118600B8E368 /* ItemFinderTests.xctest */,
			);
			name = Products;
			sourceTree = "<group>";
		};
		F447C0352377118600B8E368 /* ItemFinder */ = {
			isa = PBXGroup;
			children = (
				F43CA12F2377138300A08B9F /* Common */,
				F43CA1382377143F00A08B9F /* Network */,
				F43CA1372377141100A08B9F /* Service */,
				F43CA134237713B200A08B9F /* Model */,
				F43CA133237713AE00A08B9F /* View */,
				F43CA132237713A600A08B9F /* Presenter */,
				F447C0362377118600B8E368 /* AppDelegate.swift */,
				F447C0382377118600B8E368 /* SceneDelegate.swift */,
				F447C03C2377118600B8E368 /* Main.storyboard */,
				F447C03F2377118600B8E368 /* Assets.xcassets */,
				F447C0412377118600B8E368 /* LaunchScreen.storyboard */,
				F447C0442377118600B8E368 /* Info.plist */,
				F43CA12E2377135400A08B9F /* Localizable.strings */,
			);
			path = ItemFinder;
			sourceTree = "<group>";
		};
		F447C04C2377118600B8E368 /* ItemFinderTests */ = {
			isa = PBXGroup;
			children = (
				F447C04D2377118600B8E368 /* ItemFinderTests.swift */,
				F447C04F2377118600B8E368 /* Info.plist */,
			);
			path = ItemFinderTests;
			sourceTree = "<group>";
		};
		F451BEA323776998001B651C /* Protocol */ = {
			isa = PBXGroup;
			children = (
				F451BEA4237769AF001B651C /* APIItemService.swift */,
			);
			path = Protocol;
			sourceTree = "<group>";
		};
		F451BEA623776CA5001B651C /* API Item */ = {
			isa = PBXGroup;
			children = (
				F451BEA323776998001B651C /* Protocol */,
				F451BEA723776CD0001B651C /* APIItemManager.swift */,
				F451BEA923776D3B001B651C /* APIItem.swift */,
			);
			path = "API Item";
			sourceTree = "<group>";
		};
/* End PBXGroup section */

/* Begin PBXNativeTarget section */
		F447C0322377118600B8E368 /* ItemFinder */ = {
			isa = PBXNativeTarget;
			buildConfigurationList = F447C0522377118600B8E368 /* Build configuration list for PBXNativeTarget "ItemFinder" */;
			buildPhases = (
				0DDCB18A24B27595CFA21622 /* [CP] Check Pods Manifest.lock */,
				F447C02F2377118600B8E368 /* Sources */,
				F447C0302377118600B8E368 /* Frameworks */,
				F447C0312377118600B8E368 /* Resources */,
				57552B5478D8535B6CDF763C /* [CP] Embed Pods Frameworks */,
			);
			buildRules = (
			);
			dependencies = (
			);
			name = ItemFinder;
			productName = ItemFinder;
			productReference = F447C0332377118600B8E368 /* ItemFinder.app */;
			productType = "com.apple.product-type.application";
		};
		F447C0482377118600B8E368 /* ItemFinderTests */ = {
			isa = PBXNativeTarget;
			buildConfigurationList = F447C0552377118600B8E368 /* Build configuration list for PBXNativeTarget "ItemFinderTests" */;
			buildPhases = (
				0C1128F82C3C34B0135288B5 /* [CP] Check Pods Manifest.lock */,
				F447C0452377118600B8E368 /* Sources */,
				F447C0462377118600B8E368 /* Frameworks */,
				F447C0472377118600B8E368 /* Resources */,
			);
			buildRules = (
			);
			dependencies = (
				F447C04B2377118600B8E368 /* PBXTargetDependency */,
			);
			name = ItemFinderTests;
			productName = ItemFinderTests;
			productReference = F447C0492377118600B8E368 /* ItemFinderTests.xctest */;
			productType = "com.apple.product-type.bundle.unit-test";
		};
/* End PBXNativeTarget section */

/* Begin PBXProject section */
		F447C02B2377118600B8E368 /* Project object */ = {
			isa = PBXProject;
			attributes = {
				LastSwiftUpdateCheck = 1100;
				LastUpgradeCheck = 1100;
				ORGANIZATIONNAME = "Julio Collado";
				TargetAttributes = {
					F447C0322377118600B8E368 = {
						CreatedOnToolsVersion = 11.0;
					};
					F447C0482377118600B8E368 = {
						CreatedOnToolsVersion = 11.0;
						TestTargetID = F447C0322377118600B8E368;
					};
				};
			};
			buildConfigurationList = F447C02E2377118600B8E368 /* Build configuration list for PBXProject "ItemFinder" */;
			compatibilityVersion = "Xcode 9.3";
			developmentRegion = en;
			hasScannedForEncodings = 0;
			knownRegions = (
				en,
				Base,
			);
			mainGroup = F447C02A2377118600B8E368;
			productRefGroup = F447C0342377118600B8E368 /* Products */;
			projectDirPath = "";
			projectRoot = "";
			targets = (
				F447C0322377118600B8E368 /* ItemFinder */,
				F447C0482377118600B8E368 /* ItemFinderTests */,
			);
		};
/* End PBXProject section */

/* Begin PBXResourcesBuildPhase section */
		F447C0312377118600B8E368 /* Resources */ = {
			isa = PBXResourcesBuildPhase;
			buildActionMask = 2147483647;
			files = (
				F447C0432377118600B8E368 /* LaunchScreen.storyboard in Resources */,
				F43CA12C2377135400A08B9F /* Localizable.strings in Resources */,
				F447C0402377118600B8E368 /* Assets.xcassets in Resources */,
				F447C03E2377118600B8E368 /* Main.storyboard in Resources */,
			);
			runOnlyForDeploymentPostprocessing = 0;
		};
		F447C0472377118600B8E368 /* Resources */ = {
			isa = PBXResourcesBuildPhase;
			buildActionMask = 2147483647;
			files = (
			);
			runOnlyForDeploymentPostprocessing = 0;
		};
/* End PBXResourcesBuildPhase section */

/* Begin PBXShellScriptBuildPhase section */
		0C1128F82C3C34B0135288B5 /* [CP] Check Pods Manifest.lock */ = {
			isa = PBXShellScriptBuildPhase;
			buildActionMask = 2147483647;
			files = (
			);
			inputFileListPaths = (
			);
			inputPaths = (
				"${PODS_PODFILE_DIR_PATH}/Podfile.lock",
				"${PODS_ROOT}/Manifest.lock",
			);
			name = "[CP] Check Pods Manifest.lock";
			outputFileListPaths = (
			);
			outputPaths = (
				"$(DERIVED_FILE_DIR)/Pods-ItemFinderTests-checkManifestLockResult.txt",
			);
			runOnlyForDeploymentPostprocessing = 0;
			shellPath = /bin/sh;
			shellScript = "diff \"${PODS_PODFILE_DIR_PATH}/Podfile.lock\" \"${PODS_ROOT}/Manifest.lock\" > /dev/null\nif [ $? != 0 ] ; then\n    # print error to STDERR\n    echo \"error: The sandbox is not in sync with the Podfile.lock. Run 'pod install' or update your CocoaPods installation.\" >&2\n    exit 1\nfi\n# This output is used by Xcode 'outputs' to avoid re-running this script phase.\necho \"SUCCESS\" > \"${SCRIPT_OUTPUT_FILE_0}\"\n";
			showEnvVarsInLog = 0;
		};
		0DDCB18A24B27595CFA21622 /* [CP] Check Pods Manifest.lock */ = {
			isa = PBXShellScriptBuildPhase;
			buildActionMask = 2147483647;
			files = (
			);
			inputFileListPaths = (
			);
			inputPaths = (
				"${PODS_PODFILE_DIR_PATH}/Podfile.lock",
				"${PODS_ROOT}/Manifest.lock",
			);
			name = "[CP] Check Pods Manifest.lock";
			outputFileListPaths = (
			);
			outputPaths = (
				"$(DERIVED_FILE_DIR)/Pods-ItemFinder-checkManifestLockResult.txt",
			);
			runOnlyForDeploymentPostprocessing = 0;
			shellPath = /bin/sh;
			shellScript = "diff \"${PODS_PODFILE_DIR_PATH}/Podfile.lock\" \"${PODS_ROOT}/Manifest.lock\" > /dev/null\nif [ $? != 0 ] ; then\n    # print error to STDERR\n    echo \"error: The sandbox is not in sync with the Podfile.lock. Run 'pod install' or update your CocoaPods installation.\" >&2\n    exit 1\nfi\n# This output is used by Xcode 'outputs' to avoid re-running this script phase.\necho \"SUCCESS\" > \"${SCRIPT_OUTPUT_FILE_0}\"\n";
			showEnvVarsInLog = 0;
		};
		57552B5478D8535B6CDF763C /* [CP] Embed Pods Frameworks */ = {
			isa = PBXShellScriptBuildPhase;
			buildActionMask = 2147483647;
			files = (
			);
			inputFileListPaths = (
			);
			inputPaths = (
				"${SRCROOT}/Pods/Target Support Files/Pods-ItemFinder/Pods-ItemFinder-frameworks.sh",
				"${BUILT_PRODUCTS_DIR}/Alamofire/Alamofire.framework",
				"${BUILT_PRODUCTS_DIR}/AlamofireObjectMapper/AlamofireObjectMapper.framework",
				"${BUILT_PRODUCTS_DIR}/KRActivityIndicatorView/KRActivityIndicatorView.framework",
				"${BUILT_PRODUCTS_DIR}/KRProgressHUD/KRProgressHUD.framework",
				"${BUILT_PRODUCTS_DIR}/ObjectMapper/ObjectMapper.framework",
			);
			name = "[CP] Embed Pods Frameworks";
			outputFileListPaths = (
			);
			outputPaths = (
				"${TARGET_BUILD_DIR}/${FRAMEWORKS_FOLDER_PATH}/Alamofire.framework",
				"${TARGET_BUILD_DIR}/${FRAMEWORKS_FOLDER_PATH}/AlamofireObjectMapper.framework",
				"${TARGET_BUILD_DIR}/${FRAMEWORKS_FOLDER_PATH}/KRActivityIndicatorView.framework",
				"${TARGET_BUILD_DIR}/${FRAMEWORKS_FOLDER_PATH}/KRProgressHUD.framework",
				"${TARGET_BUILD_DIR}/${FRAMEWORKS_FOLDER_PATH}/ObjectMapper.framework",
			);
			runOnlyForDeploymentPostprocessing = 0;
			shellPath = /bin/sh;
			shellScript = "\"${SRCROOT}/Pods/Target Support Files/Pods-ItemFinder/Pods-ItemFinder-frameworks.sh\"\n";
			showEnvVarsInLog = 0;
		};
/* End PBXShellScriptBuildPhase section */

/* Begin PBXSourcesBuildPhase section */
		F447C02F2377118600B8E368 /* Sources */ = {
			isa = PBXSourcesBuildPhase;
			buildActionMask = 2147483647;
			files = (
				F42E7116237CBDFB004FC9D1 /* Notifications.swift in Sources */,
				F43DC3782377637800EC73D7 /* AlamofireRequest.swift in Sources */,
				F447C03B2377118600B8E368 /* MainViewController.swift in Sources */,
				F4158F362377351C0044DDB4 /* ItemTableViewCell.swift in Sources */,
				F43CA13C237714D600A08B9F /* BaseViewController.swift in Sources */,
				F451BEAA23776D3B001B651C /* APIItem.swift in Sources */,
				F43DC36323774EA900EC73D7 /* ItemFinderPresenter.swift in Sources */,
				F43DC374237759A700EC73D7 /* ItemDTO.swift in Sources */,
				F43DC376237759B800EC73D7 /* ItemDTOMapper.swift in Sources */,
				F45AFCFA237B93FE0096DDF3 /* CustomUIImageView.swift in Sources */,
				F45AFCFC237B95C10096DDF3 /* APIImageManager.swift in Sources */,
				F43DC36B237752D700EC73D7 /* ItemDetailPresenterDelegate.swift in Sources */,
				F4D124D6237765260053667C /* HTTPStatusCode.swift in Sources */,
				F43DC369237752BF00EC73D7 /* ItemDetailPresenter.swift in Sources */,
				F4158F2F237726910044DDB4 /* ItemFinderViewController.swift in Sources */,
				F42E7114237CBDB3004FC9D1 /* NetworkManager.swift in Sources */,
				F43DC36523774EBF00EC73D7 /* ItemFinderPresenterDelegate.swift in Sources */,
				F451BEA823776CD0001B651C /* APIItemManager.swift in Sources */,
				F4158F2D237725EC0044DDB4 /* ItemDetailViewController.swift in Sources */,
				F4D124D82377657F0053667C /* Result.swift in Sources */,
				F43CA13E2377157700A08B9F /* StringExtension.swift in Sources */,
				F43DC3722377598B00EC73D7 /* Item.swift in Sources */,
				F43DC36E2377587800EC73D7 /* GenericResult.swift in Sources */,
				F451BEA5237769AF001B651C /* APIItemService.swift in Sources */,
				F43DC370237758D800EC73D7 /* Paging.swift in Sources */,
				F447C0372377118600B8E368 /* AppDelegate.swift in Sources */,
				F4158F3323772A9D0044DDB4 /* UIViewExtension.swift in Sources */,
				F447C0392377118600B8E368 /* SceneDelegate.swift in Sources */,
				F43DC360237742F600EC73D7 /* Debouncer.swift in Sources */,
				F4B37CB623773DF100BDA767 /* ItemFinderViewDelegate.swift in Sources */,
			);
			runOnlyForDeploymentPostprocessing = 0;
		};
		F447C0452377118600B8E368 /* Sources */ = {
			isa = PBXSourcesBuildPhase;
			buildActionMask = 2147483647;
			files = (
				F447C04E2377118600B8E368 /* ItemFinderTests.swift in Sources */,
			);
			runOnlyForDeploymentPostprocessing = 0;
		};
/* End PBXSourcesBuildPhase section */

/* Begin PBXTargetDependency section */
		F447C04B2377118600B8E368 /* PBXTargetDependency */ = {
			isa = PBXTargetDependency;
			target = F447C0322377118600B8E368 /* ItemFinder */;
			targetProxy = F447C04A2377118600B8E368 /* PBXContainerItemProxy */;
		};
/* End PBXTargetDependency section */

/* Begin PBXVariantGroup section */
		F43CA12E2377135400A08B9F /* Localizable.strings */ = {
			isa = PBXVariantGroup;
			children = (
				F43CA12D2377135400A08B9F /* en */,
			);
			name = Localizable.strings;
			sourceTree = "<group>";
		};
		F447C03C2377118600B8E368 /* Main.storyboard */ = {
			isa = PBXVariantGroup;
			children = (
				F447C03D2377118600B8E368 /* Base */,
			);
			name = Main.storyboard;
			sourceTree = "<group>";
		};
		F447C0412377118600B8E368 /* LaunchScreen.storyboard */ = {
			isa = PBXVariantGroup;
			children = (
				F447C0422377118600B8E368 /* Base */,
			);
			name = LaunchScreen.storyboard;
			sourceTree = "<group>";
		};
/* End PBXVariantGroup section */

/* Begin XCBuildConfiguration section */
		F447C0502377118600B8E368 /* Debug */ = {
			isa = XCBuildConfiguration;
			buildSettings = {
				ALWAYS_SEARCH_USER_PATHS = NO;
				CLANG_ANALYZER_NONNULL = YES;
				CLANG_ANALYZER_NUMBER_OBJECT_CONVERSION = YES_AGGRESSIVE;
				CLANG_CXX_LANGUAGE_STANDARD = "gnu++14";
				CLANG_CXX_LIBRARY = "libc++";
				CLANG_ENABLE_MODULES = YES;
				CLANG_ENABLE_OBJC_ARC = YES;
				CLANG_ENABLE_OBJC_WEAK = YES;
				CLANG_WARN_BLOCK_CAPTURE_AUTORELEASING = YES;
				CLANG_WARN_BOOL_CONVERSION = YES;
				CLANG_WARN_COMMA = YES;
				CLANG_WARN_CONSTANT_CONVERSION = YES;
				CLANG_WARN_DEPRECATED_OBJC_IMPLEMENTATIONS = YES;
				CLANG_WARN_DIRECT_OBJC_ISA_USAGE = YES_ERROR;
				CLANG_WARN_DOCUMENTATION_COMMENTS = YES;
				CLANG_WARN_EMPTY_BODY = YES;
				CLANG_WARN_ENUM_CONVERSION = YES;
				CLANG_WARN_INFINITE_RECURSION = YES;
				CLANG_WARN_INT_CONVERSION = YES;
				CLANG_WARN_NON_LITERAL_NULL_CONVERSION = YES;
				CLANG_WARN_OBJC_IMPLICIT_RETAIN_SELF = YES;
				CLANG_WARN_OBJC_LITERAL_CONVERSION = YES;
				CLANG_WARN_OBJC_ROOT_CLASS = YES_ERROR;
				CLANG_WARN_RANGE_LOOP_ANALYSIS = YES;
				CLANG_WARN_STRICT_PROTOTYPES = YES;
				CLANG_WARN_SUSPICIOUS_MOVE = YES;
				CLANG_WARN_UNGUARDED_AVAILABILITY = YES_AGGRESSIVE;
				CLANG_WARN_UNREACHABLE_CODE = YES;
				CLANG_WARN__DUPLICATE_METHOD_MATCH = YES;
				COPY_PHASE_STRIP = NO;
				DEBUG_INFORMATION_FORMAT = dwarf;
				ENABLE_STRICT_OBJC_MSGSEND = YES;
				ENABLE_TESTABILITY = YES;
				GCC_C_LANGUAGE_STANDARD = gnu11;
				GCC_DYNAMIC_NO_PIC = NO;
				GCC_NO_COMMON_BLOCKS = YES;
				GCC_OPTIMIZATION_LEVEL = 0;
				GCC_PREPROCESSOR_DEFINITIONS = (
					"DEBUG=1",
					"$(inherited)",
				);
				GCC_WARN_64_TO_32_BIT_CONVERSION = YES;
				GCC_WARN_ABOUT_RETURN_TYPE = YES_ERROR;
				GCC_WARN_UNDECLARED_SELECTOR = YES;
				GCC_WARN_UNINITIALIZED_AUTOS = YES_AGGRESSIVE;
				GCC_WARN_UNUSED_FUNCTION = YES;
				GCC_WARN_UNUSED_VARIABLE = YES;
				IPHONEOS_DEPLOYMENT_TARGET = 13.0;
				MTL_ENABLE_DEBUG_INFO = INCLUDE_SOURCE;
				MTL_FAST_MATH = YES;
				ONLY_ACTIVE_ARCH = YES;
				SDKROOT = iphoneos;
				SWIFT_ACTIVE_COMPILATION_CONDITIONS = DEBUG;
				SWIFT_OPTIMIZATION_LEVEL = "-Onone";
			};
			name = Debug;
		};
		F447C0512377118600B8E368 /* Release */ = {
			isa = XCBuildConfiguration;
			buildSettings = {
				ALWAYS_SEARCH_USER_PATHS = NO;
				CLANG_ANALYZER_NONNULL = YES;
				CLANG_ANALYZER_NUMBER_OBJECT_CONVERSION = YES_AGGRESSIVE;
				CLANG_CXX_LANGUAGE_STANDARD = "gnu++14";
				CLANG_CXX_LIBRARY = "libc++";
				CLANG_ENABLE_MODULES = YES;
				CLANG_ENABLE_OBJC_ARC = YES;
				CLANG_ENABLE_OBJC_WEAK = YES;
				CLANG_WARN_BLOCK_CAPTURE_AUTORELEASING = YES;
				CLANG_WARN_BOOL_CONVERSION = YES;
				CLANG_WARN_COMMA = YES;
				CLANG_WARN_CONSTANT_CONVERSION = YES;
				CLANG_WARN_DEPRECATED_OBJC_IMPLEMENTATIONS = YES;
				CLANG_WARN_DIRECT_OBJC_ISA_USAGE = YES_ERROR;
				CLANG_WARN_DOCUMENTATION_COMMENTS = YES;
				CLANG_WARN_EMPTY_BODY = YES;
				CLANG_WARN_ENUM_CONVERSION = YES;
				CLANG_WARN_INFINITE_RECURSION = YES;
				CLANG_WARN_INT_CONVERSION = YES;
				CLANG_WARN_NON_LITERAL_NULL_CONVERSION = YES;
				CLANG_WARN_OBJC_IMPLICIT_RETAIN_SELF = YES;
				CLANG_WARN_OBJC_LITERAL_CONVERSION = YES;
				CLANG_WARN_OBJC_ROOT_CLASS = YES_ERROR;
				CLANG_WARN_RANGE_LOOP_ANALYSIS = YES;
				CLANG_WARN_STRICT_PROTOTYPES = YES;
				CLANG_WARN_SUSPICIOUS_MOVE = YES;
				CLANG_WARN_UNGUARDED_AVAILABILITY = YES_AGGRESSIVE;
				CLANG_WARN_UNREACHABLE_CODE = YES;
				CLANG_WARN__DUPLICATE_METHOD_MATCH = YES;
				COPY_PHASE_STRIP = NO;
				DEBUG_INFORMATION_FORMAT = "dwarf-with-dsym";
				ENABLE_NS_ASSERTIONS = NO;
				ENABLE_STRICT_OBJC_MSGSEND = YES;
				GCC_C_LANGUAGE_STANDARD = gnu11;
				GCC_NO_COMMON_BLOCKS = YES;
				GCC_WARN_64_TO_32_BIT_CONVERSION = YES;
				GCC_WARN_ABOUT_RETURN_TYPE = YES_ERROR;
				GCC_WARN_UNDECLARED_SELECTOR = YES;
				GCC_WARN_UNINITIALIZED_AUTOS = YES_AGGRESSIVE;
				GCC_WARN_UNUSED_FUNCTION = YES;
				GCC_WARN_UNUSED_VARIABLE = YES;
				IPHONEOS_DEPLOYMENT_TARGET = 13.0;
				MTL_ENABLE_DEBUG_INFO = NO;
				MTL_FAST_MATH = YES;
				SDKROOT = iphoneos;
				SWIFT_COMPILATION_MODE = wholemodule;
				SWIFT_OPTIMIZATION_LEVEL = "-O";
				VALIDATE_PRODUCT = YES;
			};
			name = Release;
		};
		F447C0532377118600B8E368 /* Debug */ = {
			isa = XCBuildConfiguration;
			baseConfigurationReference = 2D3CBB5F380CB8BC8C216BB0 /* Pods-ItemFinder.debug.xcconfig */;
			buildSettings = {
				ASSETCATALOG_COMPILER_APPICON_NAME = AppIcon;
				CODE_SIGN_STYLE = Automatic;
				DEVELOPMENT_TEAM = ACA42AA29E;
				INFOPLIST_FILE = ItemFinder/Info.plist;
				LD_RUNPATH_SEARCH_PATHS = (
					"$(inherited)",
					"@executable_path/Frameworks",
				);
				PRODUCT_BUNDLE_IDENTIFIER = com.jcollado.ItemFinder;
				PRODUCT_NAME = "$(TARGET_NAME)";
				SWIFT_VERSION = 5.0;
				TARGETED_DEVICE_FAMILY = 1;
			};
			name = Debug;
		};
		F447C0542377118600B8E368 /* Release */ = {
			isa = XCBuildConfiguration;
			baseConfigurationReference = 2E67CE374E1A1B02FEC9DB91 /* Pods-ItemFinder.release.xcconfig */;
			buildSettings = {
				ASSETCATALOG_COMPILER_APPICON_NAME = AppIcon;
				CODE_SIGN_STYLE = Automatic;
				DEVELOPMENT_TEAM = ACA42AA29E;
				INFOPLIST_FILE = ItemFinder/Info.plist;
				LD_RUNPATH_SEARCH_PATHS = (
					"$(inherited)",
					"@executable_path/Frameworks",
				);
				PRODUCT_BUNDLE_IDENTIFIER = com.jcollado.ItemFinder;
				PRODUCT_NAME = "$(TARGET_NAME)";
				SWIFT_VERSION = 5.0;
				TARGETED_DEVICE_FAMILY = 1;
			};
			name = Release;
		};
		F447C0562377118600B8E368 /* Debug */ = {
			isa = XCBuildConfiguration;
			baseConfigurationReference = F82ABB985A8E3B2388A0DCBE /* Pods-ItemFinderTests.debug.xcconfig */;
			buildSettings = {
				ALWAYS_EMBED_SWIFT_STANDARD_LIBRARIES = YES;
				BUNDLE_LOADER = "$(TEST_HOST)";
				CODE_SIGN_STYLE = Automatic;
				DEVELOPMENT_TEAM = ACA42AA29E;
				INFOPLIST_FILE = ItemFinderTests/Info.plist;
				IPHONEOS_DEPLOYMENT_TARGET = 13.0;
				LD_RUNPATH_SEARCH_PATHS = (
					"$(inherited)",
					"@executable_path/Frameworks",
					"@loader_path/Frameworks",
				);
				PRODUCT_BUNDLE_IDENTIFIER = com.jcollado.ItemFinderTests;
				PRODUCT_NAME = "$(TARGET_NAME)";
				SWIFT_VERSION = 5.0;
				TARGETED_DEVICE_FAMILY = "1,2";
				TEST_HOST = "$(BUILT_PRODUCTS_DIR)/ItemFinder.app/ItemFinder";
			};
			name = Debug;
		};
		F447C0572377118600B8E368 /* Release */ = {
			isa = XCBuildConfiguration;
			baseConfigurationReference = 370B0BCC6944254D058C575B /* Pods-ItemFinderTests.release.xcconfig */;
			buildSettings = {
				ALWAYS_EMBED_SWIFT_STANDARD_LIBRARIES = YES;
				BUNDLE_LOADER = "$(TEST_HOST)";
				CODE_SIGN_STYLE = Automatic;
				DEVELOPMENT_TEAM = ACA42AA29E;
				INFOPLIST_FILE = ItemFinderTests/Info.plist;
				IPHONEOS_DEPLOYMENT_TARGET = 13.0;
				LD_RUNPATH_SEARCH_PATHS = (
					"$(inherited)",
					"@executable_path/Frameworks",
					"@loader_path/Frameworks",
				);
				PRODUCT_BUNDLE_IDENTIFIER = com.jcollado.ItemFinderTests;
				PRODUCT_NAME = "$(TARGET_NAME)";
				SWIFT_VERSION = 5.0;
				TARGETED_DEVICE_FAMILY = "1,2";
				TEST_HOST = "$(BUILT_PRODUCTS_DIR)/ItemFinder.app/ItemFinder";
			};
			name = Release;
		};
/* End XCBuildConfiguration section */

/* Begin XCConfigurationList section */
		F447C02E2377118600B8E368 /* Build configuration list for PBXProject "ItemFinder" */ = {
			isa = XCConfigurationList;
			buildConfigurations = (
				F447C0502377118600B8E368 /* Debug */,
				F447C0512377118600B8E368 /* Release */,
			);
			defaultConfigurationIsVisible = 0;
			defaultConfigurationName = Release;
		};
		F447C0522377118600B8E368 /* Build configuration list for PBXNativeTarget "ItemFinder" */ = {
			isa = XCConfigurationList;
			buildConfigurations = (
				F447C0532377118600B8E368 /* Debug */,
				F447C0542377118600B8E368 /* Release */,
			);
			defaultConfigurationIsVisible = 0;
			defaultConfigurationName = Release;
		};
		F447C0552377118600B8E368 /* Build configuration list for PBXNativeTarget "ItemFinderTests" */ = {
			isa = XCConfigurationList;
			buildConfigurations = (
				F447C0562377118600B8E368 /* Debug */,
				F447C0572377118600B8E368 /* Release */,
			);
			defaultConfigurationIsVisible = 0;
			defaultConfigurationName = Release;
		};
/* End XCConfigurationList section */
	};
	rootObject = F447C02B2377118600B8E368 /* Project object */;
}
